<?xml version="1.0" encoding="utf-8"?>
<Project ToolsVersion="4.0" xmlns="http://schemas.microsoft.com/developer/msbuild/2003">
  <ItemGroup>
    <Filter Include="Source Files">
      <UniqueIdentifier>{51a133f5-dde9-4e38-bdde-3f017215cbbb}</UniqueIdentifier>
      <Extensions>cpp;c;cxx;rc;def;r;odl;idl;hpj;bat</Extensions>
    </Filter>
    <Filter Include="Header Files">
      <UniqueIdentifier>{a79f58fb-4719-4a4b-a4f9-1929a733beb0}</UniqueIdentifier>
      <Extensions>h;hpp;hxx;hm;inl</Extensions>
    </Filter>
    <Filter Include="Resource Files">
      <UniqueIdentifier>{e4b81334-2342-43a3-820d-bcfd641d2db2}</UniqueIdentifier>
      <Extensions>ico;cur;bmp;dlg;rc2;rct;bin;rgs;gif;jpg;jpeg;jpe;res</Extensions>
    </Filter>
  </ItemGroup>
  <ItemGroup>
    <ClCompile Include="DBSFileRead.Cpp">
      <Filter>Source Files</Filter>
    </ClCompile>
    <ClCompile Include="DBSFileWrite.Cpp">
      <Filter>Source Files</Filter>
    </ClCompile>
    <ClCompile Include="DBSRoutines.Cpp">
      <Filter>Source Files</Filter>
    </ClCompile>
    <ClCompile Include="Entry.Cpp">
      <Filter>Source Files</Filter>
    </ClCompile>
    <ClCompile Include="VInterface.Cpp">
      <Filter>Source Files</Filter>
    </ClCompile>
  </ItemGroup>
  <ItemGroup>
    <ClInclude Include="DBSFileRead.H">
      <Filter>Header Files</Filter>
    </ClInclude>
    <ClInclude Include="DBSFileWrite.H">
      <Filter>Header Files</Filter>
    </ClInclude>
    <ClInclude Include="DBSRoutines.H">
      <Filter>Header Files</Filter>
    </ClInclude>
    <ClInclude Include="Entry.H">
      <Filter>Header Files</Filter>
    </ClInclude>
    <ClInclude Include="NTDBS.H">
      <Filter>Header Files</Filter>
    </ClInclude>
    <ClInclude Include="VInterface.H">
      <Filter>Header Files</Filter>
    </ClInclude>
    <ClInclude Include="Resources\resource.h">
      <Filter>Header Files</Filter>
    </ClInclude>
  </ItemGroup>
  <ItemGroup>
    <None Include="NTDBS.vcproj" />
  </ItemGroup>
  <ItemGroup>
    <Image Include="Resources\MainIcon.ico">
      <Filter>Resource Files</Filter>
    </Image>
  </ItemGroup>
  <ItemGroup>
    <ResourceCompile Include="Resources\NTDBS.rc">
      <Filter>Resource Files</Filter>
    </ResourceCompile>
  </ItemGroup>
</Project>